
Microsoft Visual Studio Solution File, Format Version 12.00
# Visual Studio Version 16
VisualStudioVersion = 16.0.31911.196
MinimumVisualStudioVersion = 10.0.40219.1
Project("{2150E333-8FDC-42A3-9474-1A3956D46DE8}") = "Services", "Services", "{0675DA9D-7217-45BE-9889-04E5250F08AF}"
EndProject
Project("{2150E333-8FDC-42A3-9474-1A3956D46DE8}") = "Catalog", "Catalog", "{144C16DA-B385-4BDC-B470-6D451D9B989C}"
EndProject
Project("{9A19103F-16F7-4668-BE54-9A1E7A4F7556}") = "FreeCourse.Services.Catalog", "Services\Catalog\FreeCourse.Services.Catalog\FreeCourse.Services.Catalog.csproj", "{979192B8-88A0-4795-8A56-CC21B4F824DB}"
EndProject
Project("{2150E333-8FDC-42A3-9474-1A3956D46DE8}") = "Solution Items", "Solution Items", "{6897F0E6-FF64-4529-BB24-88866C601769}"
	ProjectSection(SolutionItems) = preProject
		Ports.txt = Ports.txt
	EndProjectSection
EndProject
Project("{2150E333-8FDC-42A3-9474-1A3956D46DE8}") = "Shared", "Shared", "{CDBD2C4A-8048-454D-B273-497584E708D9}"
EndProject
Project("{9A19103F-16F7-4668-BE54-9A1E7A4F7556}") = "FreeCourse.Shared", "Shared\FreeCourse.Shared\FreeCourse.Shared.csproj", "{0A244BE8-3038-4D9F-BF14-B18BEDA4D4C3}"
EndProject
Project("{2150E333-8FDC-42A3-9474-1A3956D46DE8}") = "IdentityServer", "IdentityServer", "{24E28DF4-7D29-472A-B301-35F56AE8D427}"
EndProject
Project("{9A19103F-16F7-4668-BE54-9A1E7A4F7556}") = "FreeCourse.IdentityServer", "IdentityServer\FreeCourse.IdentityServer\FreeCourse.IdentityServer.csproj", "{0E70B414-918F-459A-932C-DF6D5B401825}"
EndProject
Project("{2150E333-8FDC-42A3-9474-1A3956D46DE8}") = "PhotoStock", "PhotoStock", "{9583E662-AA51-404A-B6FA-3F8D345220B5}"
EndProject
Project("{9A19103F-16F7-4668-BE54-9A1E7A4F7556}") = "FreeCourse.Services.PhotoStock", "Services\PhotoStock\FreeCourse.Services.PhotoStock\FreeCourse.Services.PhotoStock.csproj", "{793798A5-DE0C-447D-8EF6-A6E8B73A2168}"
EndProject
Project("{2150E333-8FDC-42A3-9474-1A3956D46DE8}") = "Basket", "Basket", "{AEF082CC-F31F-43FE-AF6E-FED8531C4D1B}"
EndProject
Project("{9A19103F-16F7-4668-BE54-9A1E7A4F7556}") = "FreeCourse.Services.Basket", "Services\Basket\FreeCourse.Services.Basket\FreeCourse.Services.Basket.csproj", "{4891DB71-EE39-4C8C-9272-827A7F572EC9}"
EndProject
Project("{2150E333-8FDC-42A3-9474-1A3956D46DE8}") = "Discount", "Discount", "{01727876-96B5-4463-85B3-543AD8CFF214}"
EndProject
Project("{9A19103F-16F7-4668-BE54-9A1E7A4F7556}") = "FreeCourse.Services.Discount", "FreeCourse.Services.Discount\FreeCourse.Services.Discount.csproj", "{914D8E16-1EB8-411B-AB21-81C772B7FAFF}"
EndProject
Project("{2150E333-8FDC-42A3-9474-1A3956D46DE8}") = "Order", "Order", "{ADA89521-84C2-44F7-8B3F-B70F7389A827}"
EndProject
Project("{FAE04EC0-301F-11D3-BF4B-00C04F79EFBC}") = "FreeCourse.Services.Order.API", "Services\Order\FreeCourse.Services.Order.API\FreeCourse.Services.Order.API.csproj", "{DFF48531-8723-4A4D-AF82-33224D6828A4}"
EndProject
Project("{FAE04EC0-301F-11D3-BF4B-00C04F79EFBC}") = "FreeCourse.Services.Order.Application", "Services\Order\FreeCourse.Services.Order.Application\FreeCourse.Services.Order.Application.csproj", "{7D77C33A-B1E8-4C5D-9427-07109FE5B79D}"
EndProject
Project("{FAE04EC0-301F-11D3-BF4B-00C04F79EFBC}") = "FreeCourse.Services.Order.Domain", "Services\Order\FreeCourse.Services.Order.Domain\FreeCourse.Services.Order.Domain.csproj", "{C58BE95B-7059-46F5-A753-22A7B1339DD3}"
EndProject
Project("{FAE04EC0-301F-11D3-BF4B-00C04F79EFBC}") = "FreeCourse.Services.Order.Domain.Core", "Services\Order\FreeCourse.Services.Order.Domain.Core\FreeCourse.Services.Order.Domain.Core.csproj", "{A05654D9-53DE-4920-8AAC-9024340F5C17}"
EndProject
Project("{FAE04EC0-301F-11D3-BF4B-00C04F79EFBC}") = "FreeCourse.Services.Order.Infrastructure", "Services\Order\FreeCourse.Services.Order.Infrastructure\FreeCourse.Services.Order.Infrastructure.csproj", "{680E07D2-CD4C-4F16-9FFA-7E78B7FFAC28}"
EndProject
Global
	GlobalSection(SolutionConfigurationPlatforms) = preSolution
		Debug|Any CPU = Debug|Any CPU
		Release|Any CPU = Release|Any CPU
	EndGlobalSection
	GlobalSection(ProjectConfigurationPlatforms) = postSolution
		{979192B8-88A0-4795-8A56-CC21B4F824DB}.Debug|Any CPU.ActiveCfg = Debug|Any CPU
		{979192B8-88A0-4795-8A56-CC21B4F824DB}.Debug|Any CPU.Build.0 = Debug|Any CPU
		{979192B8-88A0-4795-8A56-CC21B4F824DB}.Release|Any CPU.ActiveCfg = Release|Any CPU
		{979192B8-88A0-4795-8A56-CC21B4F824DB}.Release|Any CPU.Build.0 = Release|Any CPU
		{0A244BE8-3038-4D9F-BF14-B18BEDA4D4C3}.Debug|Any CPU.ActiveCfg = Debug|Any CPU
		{0A244BE8-3038-4D9F-BF14-B18BEDA4D4C3}.Debug|Any CPU.Build.0 = Debug|Any CPU
		{0A244BE8-3038-4D9F-BF14-B18BEDA4D4C3}.Release|Any CPU.ActiveCfg = Release|Any CPU
		{0A244BE8-3038-4D9F-BF14-B18BEDA4D4C3}.Release|Any CPU.Build.0 = Release|Any CPU
		{0E70B414-918F-459A-932C-DF6D5B401825}.Debug|Any CPU.ActiveCfg = Debug|Any CPU
		{0E70B414-918F-459A-932C-DF6D5B401825}.Debug|Any CPU.Build.0 = Debug|Any CPU
		{0E70B414-918F-459A-932C-DF6D5B401825}.Release|Any CPU.ActiveCfg = Release|Any CPU
		{0E70B414-918F-459A-932C-DF6D5B401825}.Release|Any CPU.Build.0 = Release|Any CPU
		{793798A5-DE0C-447D-8EF6-A6E8B73A2168}.Debug|Any CPU.ActiveCfg = Debug|Any CPU
		{793798A5-DE0C-447D-8EF6-A6E8B73A2168}.Debug|Any CPU.Build.0 = Debug|Any CPU
		{793798A5-DE0C-447D-8EF6-A6E8B73A2168}.Release|Any CPU.ActiveCfg = Release|Any CPU
		{793798A5-DE0C-447D-8EF6-A6E8B73A2168}.Release|Any CPU.Build.0 = Release|Any CPU
		{4891DB71-EE39-4C8C-9272-827A7F572EC9}.Debug|Any CPU.ActiveCfg = Debug|Any CPU
		{4891DB71-EE39-4C8C-9272-827A7F572EC9}.Debug|Any CPU.Build.0 = Debug|Any CPU
		{4891DB71-EE39-4C8C-9272-827A7F572EC9}.Release|Any CPU.ActiveCfg = Release|Any CPU
		{4891DB71-EE39-4C8C-9272-827A7F572EC9}.Release|Any CPU.Build.0 = Release|Any CPU
		{914D8E16-1EB8-411B-AB21-81C772B7FAFF}.Debug|Any CPU.ActiveCfg = Debug|Any CPU
		{914D8E16-1EB8-411B-AB21-81C772B7FAFF}.Debug|Any CPU.Build.0 = Debug|Any CPU
		{914D8E16-1EB8-411B-AB21-81C772B7FAFF}.Release|Any CPU.ActiveCfg = Release|Any CPU
		{914D8E16-1EB8-411B-AB21-81C772B7FAFF}.Release|Any CPU.Build.0 = Release|Any CPU
		{DFF48531-8723-4A4D-AF82-33224D6828A4}.Debug|Any CPU.ActiveCfg = Debug|Any CPU
		{DFF48531-8723-4A4D-AF82-33224D6828A4}.Debug|Any CPU.Build.0 = Debug|Any CPU
		{DFF48531-8723-4A4D-AF82-33224D6828A4}.Release|Any CPU.ActiveCfg = Release|Any CPU
		{DFF48531-8723-4A4D-AF82-33224D6828A4}.Release|Any CPU.Build.0 = Release|Any CPU
		{7D77C33A-B1E8-4C5D-9427-07109FE5B79D}.Debug|Any CPU.ActiveCfg = Debug|Any CPU
		{7D77C33A-B1E8-4C5D-9427-07109FE5B79D}.Debug|Any CPU.Build.0 = Debug|Any CPU
		{7D77C33A-B1E8-4C5D-9427-07109FE5B79D}.Release|Any CPU.ActiveCfg = Release|Any CPU
		{7D77C33A-B1E8-4C5D-9427-07109FE5B79D}.Release|Any CPU.Build.0 = Release|Any CPU
		{C58BE95B-7059-46F5-A753-22A7B1339DD3}.Debug|Any CPU.ActiveCfg = Debug|Any CPU
		{C58BE95B-7059-46F5-A753-22A7B1339DD3}.Debug|Any CPU.Build.0 = Debug|Any CPU
		{C58BE95B-7059-46F5-A753-22A7B1339DD3}.Release|Any CPU.ActiveCfg = Release|Any CPU
		{C58BE95B-7059-46F5-A753-22A7B1339DD3}.Release|Any CPU.Build.0 = Release|Any CPU
		{A05654D9-53DE-4920-8AAC-9024340F5C17}.Debug|Any CPU.ActiveCfg = Debug|Any CPU
		{A05654D9-53DE-4920-8AAC-9024340F5C17}.Debug|Any CPU.Build.0 = Debug|Any CPU
		{A05654D9-53DE-4920-8AAC-9024340F5C17}.Release|Any CPU.ActiveCfg = Release|Any CPU
		{A05654D9-53DE-4920-8AAC-9024340F5C17}.Release|Any CPU.Build.0 = Release|Any CPU
		{680E07D2-CD4C-4F16-9FFA-7E78B7FFAC28}.Debug|Any CPU.ActiveCfg = Debug|Any CPU
		{680E07D2-CD4C-4F16-9FFA-7E78B7FFAC28}.Debug|Any CPU.Build.0 = Debug|Any CPU
		{680E07D2-CD4C-4F16-9FFA-7E78B7FFAC28}.Release|Any CPU.ActiveCfg = Release|Any CPU
		{680E07D2-CD4C-4F16-9FFA-7E78B7FFAC28}.Release|Any CPU.Build.0 = Release|Any CPU
	EndGlobalSection
	GlobalSection(SolutionProperties) = preSolution
		HideSolutionNode = FALSE
	EndGlobalSection
	GlobalSection(NestedProjects) = preSolution
		{144C16DA-B385-4BDC-B470-6D451D9B989C} = {0675DA9D-7217-45BE-9889-04E5250F08AF}
		{979192B8-88A0-4795-8A56-CC21B4F824DB} = {144C16DA-B385-4BDC-B470-6D451D9B989C}
		{0A244BE8-3038-4D9F-BF14-B18BEDA4D4C3} = {CDBD2C4A-8048-454D-B273-497584E708D9}
		{0E70B414-918F-459A-932C-DF6D5B401825} = {24E28DF4-7D29-472A-B301-35F56AE8D427}
		{9583E662-AA51-404A-B6FA-3F8D345220B5} = {0675DA9D-7217-45BE-9889-04E5250F08AF}
		{793798A5-DE0C-447D-8EF6-A6E8B73A2168} = {9583E662-AA51-404A-B6FA-3F8D345220B5}
		{AEF082CC-F31F-43FE-AF6E-FED8531C4D1B} = {0675DA9D-7217-45BE-9889-04E5250F08AF}
		{4891DB71-EE39-4C8C-9272-827A7F572EC9} = {AEF082CC-F31F-43FE-AF6E-FED8531C4D1B}
		{01727876-96B5-4463-85B3-543AD8CFF214} = {0675DA9D-7217-45BE-9889-04E5250F08AF}
		{914D8E16-1EB8-411B-AB21-81C772B7FAFF} = {01727876-96B5-4463-85B3-543AD8CFF214}
		{ADA89521-84C2-44F7-8B3F-B70F7389A827} = {0675DA9D-7217-45BE-9889-04E5250F08AF}
		{DFF48531-8723-4A4D-AF82-33224D6828A4} = {ADA89521-84C2-44F7-8B3F-B70F7389A827}
		{7D77C33A-B1E8-4C5D-9427-07109FE5B79D} = {ADA89521-84C2-44F7-8B3F-B70F7389A827}
		{C58BE95B-7059-46F5-A753-22A7B1339DD3} = {ADA89521-84C2-44F7-8B3F-B70F7389A827}
		{A05654D9-53DE-4920-8AAC-9024340F5C17} = {ADA89521-84C2-44F7-8B3F-B70F7389A827}
		{680E07D2-CD4C-4F16-9FFA-7E78B7FFAC28} = {ADA89521-84C2-44F7-8B3F-B70F7389A827}
	EndGlobalSection
	GlobalSection(ExtensibilityGlobals) = postSolution
		SolutionGuid = {53736301-9FB5-4E0B-9C82-0EDA3703BF78}
	EndGlobalSection
EndGlobal
